
Microsoft Visual Studio Solution File, Format Version 12.00
# Visual Studio 15
VisualStudioVersion = 15.0.28010.2041
MinimumVisualStudioVersion = 10.0.40219.1
Project("{FAE04EC0-301F-11D3-BF4B-00C04F79EFBC}") = "RADChristmasExam", "RADChristmasExam\RADChristmasExam.csproj", "{2ACAAB3F-0BA6-410A-A122-D48918E79493}"
EndProject
Project("{FAE04EC0-301F-11D3-BF4B-00C04F79EFBC}") = "BusinessDomainClasses", "BusinessDomainClasses\BusinessDomainClasses.csproj", "{6672F47B-2C05-487D-AC9D-CE603B9C9DAA}"
EndProject
Project("{FAE04EC0-301F-11D3-BF4B-00C04F79EFBC}") = "ConsoleApp", "ConsoleApp\ConsoleApp.csproj", "{333EDDF3-2670-4C4B-B2B0-348F0B94E542}"
EndProject
Global
	GlobalSection(SolutionConfigurationPlatforms) = preSolution
		Debug|Any CPU = Debug|Any CPU
		Release|Any CPU = Release|Any CPU
	EndGlobalSection
	GlobalSection(ProjectConfigurationPlatforms) = postSolution
		{2ACAAB3F-0BA6-410A-A122-D48918E79493}.Debug|Any CPU.ActiveCfg = Debug|Any CPU
		{2ACAAB3F-0BA6-410A-A122-D48918E79493}.Debug|Any CPU.Build.0 = Debug|Any CPU
		{2ACAAB3F-0BA6-410A-A122-D48918E79493}.Release|Any CPU.ActiveCfg = Release|Any CPU
		{2ACAAB3F-0BA6-410A-A122-D48918E79493}.Release|Any CPU.Build.0 = Release|Any CPU
		{6672F47B-2C05-487D-AC9D-CE603B9C9DAA}.Debug|Any CPU.ActiveCfg = Debug|Any CPU
		{6672F47B-2C05-487D-AC9D-CE603B9C9DAA}.Debug|Any CPU.Build.0 = Debug|Any CPU
		{6672F47B-2C05-487D-AC9D-CE603B9C9DAA}.Release|Any CPU.ActiveCfg = Release|Any CPU
		{6672F47B-2C05-487D-AC9D-CE603B9C9DAA}.Release|Any CPU.Build.0 = Release|Any CPU
		{333EDDF3-2670-4C4B-B2B0-348F0B94E542}.Debug|Any CPU.ActiveCfg = Debug|Any CPU
		{333EDDF3-2670-4C4B-B2B0-348F0B94E542}.Debug|Any CPU.Build.0 = Debug|Any CPU
		{333EDDF3-2670-4C4B-B2B0-348F0B94E542}.Release|Any CPU.ActiveCfg = Release|Any CPU
		{333EDDF3-2670-4C4B-B2B0-348F0B94E542}.Release|Any CPU.Build.0 = Release|Any CPU
	EndGlobalSection
	GlobalSection(SolutionProperties) = preSolution
		HideSolutionNode = FALSE
	EndGlobalSection
	GlobalSection(ExtensibilityGlobals) = postSolution
		SolutionGuid = {D2765851-F81D-4CC5-9F1F-844D4AFAA46A}
	EndGlobalSection
EndGlobal
